
Microsoft Visual Studio Solution File, Format Version 12.00
# Visual Studio Version 17
VisualStudioVersion = 17.2.32519.379
MinimumVisualStudioVersion = 10.0.40219.1
Project("{FAE04EC0-301F-11D3-BF4B-00C04F79EFBC}") = "TPL.RabbitMQ.Consumer", "TPL.RabbitMQ.Consumer.csproj", "{53C9C90D-0DF3-4DDA-A48E-6B2FC4412C15}"
EndProject
Global
	GlobalSection(SolutionConfigurationPlatforms) = preSolution
		Debug|Any CPU = Debug|Any CPU
		Release|Any CPU = Release|Any CPU
	EndGlobalSection
	GlobalSection(ProjectConfigurationPlatforms) = postSolution
		{53C9C90D-0DF3-4DDA-A48E-6B2FC4412C15}.Debug|Any CPU.ActiveCfg = Debug|Any CPU
		{53C9C90D-0DF3-4DDA-A48E-6B2FC4412C15}.Debug|Any CPU.Build.0 = Debug|Any CPU
		{53C9C90D-0DF3-4DDA-A48E-6B2FC4412C15}.Release|Any CPU.ActiveCfg = Release|Any CPU
		{53C9C90D-0DF3-4DDA-A48E-6B2FC4412C15}.Release|Any CPU.Build.0 = Release|Any CPU
	EndGlobalSection
	GlobalSection(SolutionProperties) = preSolution
		HideSolutionNode = FALSE
	EndGlobalSection
	GlobalSection(ExtensibilityGlobals) = postSolution
		SolutionGuid = {7CAD4288-5F63-47E7-A6ED-9A25B08465EA}
	EndGlobalSection
EndGlobal
